
Microsoft Visual Studio Solution File, Format Version 12.00
# Visual Studio Version 16
VisualStudioVersion = 16.0.30406.217
MinimumVisualStudioVersion = 10.0.40219.1
Project("{FAE04EC0-301F-11D3-BF4B-00C04F79EFBC}") = "PromotionEngine", "PromotionEngine\PromotionEngine.csproj", "{2C5EB9D2-CCA4-4ECC-9939-28F3913CB755}"
EndProject
Project("{FAE04EC0-301F-11D3-BF4B-00C04F79EFBC}") = "NUnitTestPromotionEngine", "NUnitTestPromotionEngine\NUnitTestPromotionEngine.csproj", "{BB9758FB-20E4-43AD-8611-5002ED28B83A}"
EndProject
Global
	GlobalSection(SolutionConfigurationPlatforms) = preSolution
		Debug|Any CPU = Debug|Any CPU
		Release|Any CPU = Release|Any CPU
	EndGlobalSection
	GlobalSection(ProjectConfigurationPlatforms) = postSolution
		{2C5EB9D2-CCA4-4ECC-9939-28F3913CB755}.Debug|Any CPU.ActiveCfg = Debug|Any CPU
		{2C5EB9D2-CCA4-4ECC-9939-28F3913CB755}.Debug|Any CPU.Build.0 = Debug|Any CPU
		{2C5EB9D2-CCA4-4ECC-9939-28F3913CB755}.Release|Any CPU.ActiveCfg = Release|Any CPU
		{2C5EB9D2-CCA4-4ECC-9939-28F3913CB755}.Release|Any CPU.Build.0 = Release|Any CPU
		{BB9758FB-20E4-43AD-8611-5002ED28B83A}.Debug|Any CPU.ActiveCfg = Debug|Any CPU
		{BB9758FB-20E4-43AD-8611-5002ED28B83A}.Debug|Any CPU.Build.0 = Debug|Any CPU
		{BB9758FB-20E4-43AD-8611-5002ED28B83A}.Release|Any CPU.ActiveCfg = Release|Any CPU
		{BB9758FB-20E4-43AD-8611-5002ED28B83A}.Release|Any CPU.Build.0 = Release|Any CPU
	EndGlobalSection
	GlobalSection(SolutionProperties) = preSolution
		HideSolutionNode = FALSE
	EndGlobalSection
	GlobalSection(ExtensibilityGlobals) = postSolution
		SolutionGuid = {879B77E1-92BD-48FC-8FC3-09644CC4F247}
	EndGlobalSection
EndGlobal
